
Microsoft Visual Studio Solution File, Format Version 12.00
# Visual Studio Version 16
VisualStudioVersion = 16.0.31910.168
MinimumVisualStudioVersion = 10.0.40219.1
Project("{FAE04EC0-301F-11D3-BF4B-00C04F79EFBC}") = "MinhaAppVS", "MinhaAppVS.csproj", "{EC29FBB2-0CB5-4F02-9E18-E792F7229BFC}"
EndProject
Global
	GlobalSection(SolutionConfigurationPlatforms) = preSolution
		Debug|Any CPU = Debug|Any CPU
		Release|Any CPU = Release|Any CPU
	EndGlobalSection
	GlobalSection(ProjectConfigurationPlatforms) = postSolution
		{EC29FBB2-0CB5-4F02-9E18-E792F7229BFC}.Debug|Any CPU.ActiveCfg = Debug|Any CPU
		{EC29FBB2-0CB5-4F02-9E18-E792F7229BFC}.Debug|Any CPU.Build.0 = Debug|Any CPU
		{EC29FBB2-0CB5-4F02-9E18-E792F7229BFC}.Release|Any CPU.ActiveCfg = Release|Any CPU
		{EC29FBB2-0CB5-4F02-9E18-E792F7229BFC}.Release|Any CPU.Build.0 = Release|Any CPU
	EndGlobalSection
	GlobalSection(SolutionProperties) = preSolution
		HideSolutionNode = FALSE
	EndGlobalSection
	GlobalSection(ExtensibilityGlobals) = postSolution
		SolutionGuid = {13485938-DACD-438E-B09D-A328434D4873}
	EndGlobalSection
EndGlobal
